
Microsoft Visual Studio Solution File, Format Version 12.00
# Visual Studio 15
VisualStudioVersion = 15.0.27130.2026
MinimumVisualStudioVersion = 10.0.40219.1
Project("{9A19103F-16F7-4668-BE54-9A1E7A4F7556}") = "ProCare.Common", "..\..\..\..\CommonProjects\ProCare.Common\ProCare.Common.csproj", "{8BDD9741-3B98-4B8D-8331-8A1C064F2E5C}"
EndProject
Project("{9A19103F-16F7-4668-BE54-9A1E7A4F7556}") = "ProCare.API.Common", "ProCare.API.Common\ProCare.API.Common.csproj", "{32031D55-6280-41FB-948E-901555BCB28B}"
EndProject
Project("{9A19103F-16F7-4668-BE54-9A1E7A4F7556}") = "ProCare.API.Core", "..\..\..\..\CoreCommonProjects\ProCare.API.Core\ProCare.API.Core.csproj", "{C5CFEB22-08F4-4F5B-8821-230652584349}"
EndProject
Project("{9A19103F-16F7-4668-BE54-9A1E7A4F7556}") = "ProCare.NCPDP", "..\..\..\..\CoreCommonProjects\NCPDP\ProCare.NCPDP\ProCare.NCPDP.csproj", "{90AD8320-B69D-429D-8B0C-BB1D0987255F}"
EndProject
Global
	GlobalSection(SolutionConfigurationPlatforms) = preSolution
		Debug|Any CPU = Debug|Any CPU
		Release|Any CPU = Release|Any CPU
	EndGlobalSection
	GlobalSection(ProjectConfigurationPlatforms) = postSolution
		{8BDD9741-3B98-4B8D-8331-8A1C064F2E5C}.Debug|Any CPU.ActiveCfg = Debug|Any CPU
		{8BDD9741-3B98-4B8D-8331-8A1C064F2E5C}.Debug|Any CPU.Build.0 = Debug|Any CPU
		{8BDD9741-3B98-4B8D-8331-8A1C064F2E5C}.Release|Any CPU.ActiveCfg = Release|Any CPU
		{8BDD9741-3B98-4B8D-8331-8A1C064F2E5C}.Release|Any CPU.Build.0 = Release|Any CPU
		{32031D55-6280-41FB-948E-901555BCB28B}.Debug|Any CPU.ActiveCfg = Debug|Any CPU
		{32031D55-6280-41FB-948E-901555BCB28B}.Debug|Any CPU.Build.0 = Debug|Any CPU
		{32031D55-6280-41FB-948E-901555BCB28B}.Release|Any CPU.ActiveCfg = Release|Any CPU
		{32031D55-6280-41FB-948E-901555BCB28B}.Release|Any CPU.Build.0 = Release|Any CPU
		{C5CFEB22-08F4-4F5B-8821-230652584349}.Debug|Any CPU.ActiveCfg = Debug|Any CPU
		{C5CFEB22-08F4-4F5B-8821-230652584349}.Debug|Any CPU.Build.0 = Debug|Any CPU
		{C5CFEB22-08F4-4F5B-8821-230652584349}.Release|Any CPU.ActiveCfg = Release|Any CPU
		{C5CFEB22-08F4-4F5B-8821-230652584349}.Release|Any CPU.Build.0 = Release|Any CPU
		{90AD8320-B69D-429D-8B0C-BB1D0987255F}.Debug|Any CPU.ActiveCfg = Debug|Any CPU
		{90AD8320-B69D-429D-8B0C-BB1D0987255F}.Debug|Any CPU.Build.0 = Debug|Any CPU
		{90AD8320-B69D-429D-8B0C-BB1D0987255F}.Release|Any CPU.ActiveCfg = Release|Any CPU
		{90AD8320-B69D-429D-8B0C-BB1D0987255F}.Release|Any CPU.Build.0 = Release|Any CPU
	EndGlobalSection
	GlobalSection(SolutionProperties) = preSolution
		HideSolutionNode = FALSE
	EndGlobalSection
	GlobalSection(ExtensibilityGlobals) = postSolution
		SolutionGuid = {CA97644E-6FFB-4D55-A418-E66A9B86B795}
	EndGlobalSection
	GlobalSection(TeamFoundationVersionControl) = preSolution
		SccNumberOfProjects = 5
		SccEnterpriseProvider = {4CA58AB2-18FA-4F8D-95D4-32DDF27D184C}
		SccTeamFoundationServer = http://tfs-dt-04:8080/tfs/applications
		SccLocalPath0 = .
		SccProjectUniqueName1 = ..\\..\\..\\..\\CommonProjects\\ProCare.Common\\ProCare.Common.csproj
		SccProjectName1 = ../../../../CommonProjects/ProCare.Common
		SccLocalPath1 = ..\\..\\..\\..\\CommonProjects\\ProCare.Common
		SccProjectUniqueName2 = ProCare.API.Common\\ProCare.API.Common.csproj
		SccProjectName2 = ProCare.API.Common
		SccLocalPath2 = ProCare.API.Common
		SccProjectUniqueName3 = ..\\..\\..\\..\\CoreCommonProjects\\ProCare.API.Core\\ProCare.API.Core.csproj
		SccProjectName3 = ../../../../CoreCommonProjects/ProCare.API.Core
		SccLocalPath3 = ..\\..\\..\\..\\CoreCommonProjects\\ProCare.API.Core
		SccProjectUniqueName4 = ..\\..\\..\\..\\CoreCommonProjects\\NCPDP\\ProCare.NCPDP\\ProCare.NCPDP.csproj
		SccProjectName4 = ../../../../CoreCommonProjects/NCPDP/ProCare.NCPDP
		SccLocalPath4 = ..\\..\\..\\..\\CoreCommonProjects\\NCPDP\\ProCare.NCPDP
	EndGlobalSection
EndGlobal
